
Microsoft Visual Studio Solution File, Format Version 12.00
# Visual Studio Version 16
VisualStudioVersion = 16.0.31729.503
MinimumVisualStudioVersion = 10.0.40219.1
Project("{FAE04EC0-301F-11D3-BF4B-00C04F79EFBC}") = "LetturaFile", "LetturaFile\LetturaFile.csproj", "{6DDC63B2-51A1-474B-ACA7-7F4CB4AFF5BB}"
EndProject
Global
	GlobalSection(SolutionConfigurationPlatforms) = preSolution
		Debug|Any CPU = Debug|Any CPU
		Release|Any CPU = Release|Any CPU
	EndGlobalSection
	GlobalSection(ProjectConfigurationPlatforms) = postSolution
		{6DDC63B2-51A1-474B-ACA7-7F4CB4AFF5BB}.Debug|Any CPU.ActiveCfg = Debug|Any CPU
		{6DDC63B2-51A1-474B-ACA7-7F4CB4AFF5BB}.Debug|Any CPU.Build.0 = Debug|Any CPU
		{6DDC63B2-51A1-474B-ACA7-7F4CB4AFF5BB}.Release|Any CPU.ActiveCfg = Release|Any CPU
		{6DDC63B2-51A1-474B-ACA7-7F4CB4AFF5BB}.Release|Any CPU.Build.0 = Release|Any CPU
	EndGlobalSection
	GlobalSection(SolutionProperties) = preSolution
		HideSolutionNode = FALSE
	EndGlobalSection
	GlobalSection(ExtensibilityGlobals) = postSolution
		SolutionGuid = {8280A01B-24CC-4021-9B91-7B0228A79C8A}
	EndGlobalSection
EndGlobal
