
Microsoft Visual Studio Solution File, Format Version 12.00
# Visual Studio Version 16
VisualStudioVersion = 16.0.31729.503
MinimumVisualStudioVersion = 10.0.40219.1
Project("{FAE04EC0-301F-11D3-BF4B-00C04F79EFBC}") = "VigiliContravvenzione", "VigiliContravvenzione\VigiliContravvenzione.csproj", "{89B80708-42F5-4023-9221-AE68AA5E2DDD}"
EndProject
Global
	GlobalSection(SolutionConfigurationPlatforms) = preSolution
		Debug|Any CPU = Debug|Any CPU
		Release|Any CPU = Release|Any CPU
	EndGlobalSection
	GlobalSection(ProjectConfigurationPlatforms) = postSolution
		{89B80708-42F5-4023-9221-AE68AA5E2DDD}.Debug|Any CPU.ActiveCfg = Debug|Any CPU
		{89B80708-42F5-4023-9221-AE68AA5E2DDD}.Debug|Any CPU.Build.0 = Debug|Any CPU
		{89B80708-42F5-4023-9221-AE68AA5E2DDD}.Release|Any CPU.ActiveCfg = Release|Any CPU
		{89B80708-42F5-4023-9221-AE68AA5E2DDD}.Release|Any CPU.Build.0 = Release|Any CPU
	EndGlobalSection
	GlobalSection(SolutionProperties) = preSolution
		HideSolutionNode = FALSE
	EndGlobalSection
	GlobalSection(ExtensibilityGlobals) = postSolution
		SolutionGuid = {507BBF70-26AF-4E11-AB72-2FCDEED14F04}
	EndGlobalSection
EndGlobal
